
Microsoft Visual Studio Solution File, Format Version 12.00
# Visual Studio Version 17
VisualStudioVersion = 17.6.33815.320
MinimumVisualStudioVersion = 10.0.40219.1
Project("{FAE04EC0-301F-11D3-BF4B-00C04F79EFBC}") = "Bank app", "Bank app\Bank app.csproj", "{2158EB35-EB0B-47B4-9D64-A75B4DA74DCB}"
EndProject
Global
	GlobalSection(SolutionConfigurationPlatforms) = preSolution
		Debug|Any CPU = Debug|Any CPU
		Release|Any CPU = Release|Any CPU
	EndGlobalSection
	GlobalSection(ProjectConfigurationPlatforms) = postSolution
		{2158EB35-EB0B-47B4-9D64-A75B4DA74DCB}.Debug|Any CPU.ActiveCfg = Debug|Any CPU
		{2158EB35-EB0B-47B4-9D64-A75B4DA74DCB}.Debug|Any CPU.Build.0 = Debug|Any CPU
		{2158EB35-EB0B-47B4-9D64-A75B4DA74DCB}.Release|Any CPU.ActiveCfg = Release|Any CPU
		{2158EB35-EB0B-47B4-9D64-A75B4DA74DCB}.Release|Any CPU.Build.0 = Release|Any CPU
	EndGlobalSection
	GlobalSection(SolutionProperties) = preSolution
		HideSolutionNode = FALSE
	EndGlobalSection
	GlobalSection(ExtensibilityGlobals) = postSolution
		SolutionGuid = {C7EA0610-B309-4DDE-9387-CDBC882DF417}
	EndGlobalSection
EndGlobal
